
Microsoft Visual Studio Solution File, Format Version 12.00
# Visual Studio Version 16
VisualStudioVersion = 16.0.31515.178
MinimumVisualStudioVersion = 10.0.40219.1
Project("{9A19103F-16F7-4668-BE54-9A1E7A4F7556}") = "CarParts", "CarParts\CarParts.csproj", "{B520DDB0-E5DC-416A-8B89-5785B01E4343}"
EndProject
Project("{FAE04EC0-301F-11D3-BF4B-00C04F79EFBC}") = "CarParts.Test", "CarParts.Test\CarParts.Test.csproj", "{506A80E2-C9BB-49FB-AF8D-6AB931662EC1}"
EndProject
Global
	GlobalSection(SolutionConfigurationPlatforms) = preSolution
		Debug|Any CPU = Debug|Any CPU
		Release|Any CPU = Release|Any CPU
	EndGlobalSection
	GlobalSection(ProjectConfigurationPlatforms) = postSolution
		{B520DDB0-E5DC-416A-8B89-5785B01E4343}.Debug|Any CPU.ActiveCfg = Debug|Any CPU
		{B520DDB0-E5DC-416A-8B89-5785B01E4343}.Debug|Any CPU.Build.0 = Debug|Any CPU
		{B520DDB0-E5DC-416A-8B89-5785B01E4343}.Release|Any CPU.ActiveCfg = Release|Any CPU
		{B520DDB0-E5DC-416A-8B89-5785B01E4343}.Release|Any CPU.Build.0 = Release|Any CPU
		{506A80E2-C9BB-49FB-AF8D-6AB931662EC1}.Debug|Any CPU.ActiveCfg = Debug|Any CPU
		{506A80E2-C9BB-49FB-AF8D-6AB931662EC1}.Debug|Any CPU.Build.0 = Debug|Any CPU
		{506A80E2-C9BB-49FB-AF8D-6AB931662EC1}.Release|Any CPU.ActiveCfg = Release|Any CPU
		{506A80E2-C9BB-49FB-AF8D-6AB931662EC1}.Release|Any CPU.Build.0 = Release|Any CPU
	EndGlobalSection
	GlobalSection(SolutionProperties) = preSolution
		HideSolutionNode = FALSE
	EndGlobalSection
	GlobalSection(ExtensibilityGlobals) = postSolution
		SolutionGuid = {00598B57-C35D-4153-B941-589D6E893E5D}
	EndGlobalSection
EndGlobal
